// !$*UTF8*$!
{
	archiveVersion = 1;
	classes = {
	};
	objectVersion = 46;
	objects = {

/* Begin PBXBuildFile section */
		CCB263774FB8AC5B1049469C /* Pods.framework in Frameworks */ = {isa = PBXBuildFile; fileRef = 4199CF55062E0B94CECF4212 /* Pods.framework */; };
		DA2326741C0CFB0600094165 /* MessageViewController.swift in Sources */ = {isa = PBXBuildFile; fileRef = DA2326731C0CFB0600094165 /* MessageViewController.swift */; };
		DA2326761C0CFD8100094165 /* PopupNoticeHelper.swift in Sources */ = {isa = PBXBuildFile; fileRef = DA2326751C0CFD8100094165 /* PopupNoticeHelper.swift */; };
		DA23267A1C0D0E8D00094165 /* ContacsViewController.swift in Sources */ = {isa = PBXBuildFile; fileRef = DA2326791C0D0E8D00094165 /* ContacsViewController.swift */; };
		DA23267C1C0E2EFA00094165 /* AddNewContactViewController.swift in Sources */ = {isa = PBXBuildFile; fileRef = DA23267B1C0E2EFA00094165 /* AddNewContactViewController.swift */; };
		DA23267E1C0ECB9200094165 /* NewContactTableViewCell.swift in Sources */ = {isa = PBXBuildFile; fileRef = DA23267D1C0ECB9200094165 /* NewContactTableViewCell.swift */; };
		DA2326801C1008A400094165 /* ContactsViewCell.swift in Sources */ = {isa = PBXBuildFile; fileRef = DA23267F1C1008A400094165 /* ContactsViewCell.swift */; };
		DA2E0F1D1C0831A900C508E0 /* FirebaseHelper.swift in Sources */ = {isa = PBXBuildFile; fileRef = DA2E0F1C1C0831A900C508E0 /* FirebaseHelper.swift */; };
		DA2E0F1F1C09382900C508E0 /* LoginViewController.swift in Sources */ = {isa = PBXBuildFile; fileRef = DA2E0F1E1C09382900C508E0 /* LoginViewController.swift */; };
		DA457ED21C46FB9800CDB606 /* TestViewController.swift in Sources */ = {isa = PBXBuildFile; fileRef = DA457ED11C46FB9800CDB606 /* TestViewController.swift */; };
		DA5C9C041C52FE7B0053BB63 /* SignUpViewController.swift in Sources */ = {isa = PBXBuildFile; fileRef = DA5C9C031C52FE7B0053BB63 /* SignUpViewController.swift */; };
		DA77CB331C4CBD060063CD71 /* ChatViewController.swift in Sources */ = {isa = PBXBuildFile; fileRef = DA77CB321C4CBD060063CD71 /* ChatViewController.swift */; };
		DA7AC64E1C0982D5001B9D39 /* SwiftNotice.swift in Sources */ = {isa = PBXBuildFile; fileRef = DA7AC64D1C0982D5001B9D39 /* SwiftNotice.swift */; };
		DA84C2291C1774090097F1F7 /* SWRevealViewController.m in Sources */ = {isa = PBXBuildFile; fileRef = DA84C2281C1774090097F1F7 /* SWRevealViewController.m */; };
		DA84C22B1C1791830097F1F7 /* LeftSideContactsMenuController.swift in Sources */ = {isa = PBXBuildFile; fileRef = DA84C22A1C1791830097F1F7 /* LeftSideContactsMenuController.swift */; };
		DA84C22D1C1791C50097F1F7 /* LeftSideMenuContactsCell.swift in Sources */ = {isa = PBXBuildFile; fileRef = DA84C22C1C1791C50097F1F7 /* LeftSideMenuContactsCell.swift */; };
		DA86D2F71C01A0BC001C088B /* MapKit.framework in Frameworks */ = {isa = PBXBuildFile; fileRef = DA86D2F61C01A0BC001C088B /* MapKit.framework */; };
		DAA89DAC1BFE8D3A005FB53E /* AppDelegate.swift in Sources */ = {isa = PBXBuildFile; fileRef = DAA89DAB1BFE8D3A005FB53E /* AppDelegate.swift */; };
		DAA89DAE1BFE8D3A005FB53E /* CurrentLocationViewController.swift in Sources */ = {isa = PBXBuildFile; fileRef = DAA89DAD1BFE8D3A005FB53E /* CurrentLocationViewController.swift */; };
		DAA89DB01BFE8D3A005FB53E /* MapViewController.swift in Sources */ = {isa = PBXBuildFile; fileRef = DAA89DAF1BFE8D3A005FB53E /* MapViewController.swift */; };
		DAA89DB31BFE8D3A005FB53E /* Main.storyboard in Resources */ = {isa = PBXBuildFile; fileRef = DAA89DB11BFE8D3A005FB53E /* Main.storyboard */; };
		DAA89DB51BFE8D3A005FB53E /* Assets.xcassets in Resources */ = {isa = PBXBuildFile; fileRef = DAA89DB41BFE8D3A005FB53E /* Assets.xcassets */; };
		DAA89DB81BFE8D3A005FB53E /* LaunchScreen.storyboard in Resources */ = {isa = PBXBuildFile; fileRef = DAA89DB61BFE8D3A005FB53E /* LaunchScreen.storyboard */; };
		DAA8CF2D1C5AF80000ADDF9B /* ProfileViewController.swift in Sources */ = {isa = PBXBuildFile; fileRef = DAA8CF2C1C5AF80000ADDF9B /* ProfileViewController.swift */; };
		DAA8CF2F1C5BDBDC00ADDF9B /* ProfilePhotoViewController.swift in Sources */ = {isa = PBXBuildFile; fileRef = DAA8CF2E1C5BDBDB00ADDF9B /* ProfilePhotoViewController.swift */; };
		DAB117EF1C49ABF900D2FC38 /* ContactOnMap.swift in Sources */ = {isa = PBXBuildFile; fileRef = DAB117EE1C49ABF900D2FC38 /* ContactOnMap.swift */; };
		DAB117F11C49ACEB00D2FC38 /* NewMapController.swift in Sources */ = {isa = PBXBuildFile; fileRef = DAB117F01C49ACEB00D2FC38 /* NewMapController.swift */; };
		DADB48631C5FD025006D2E07 /* ContactsList.swift in Sources */ = {isa = PBXBuildFile; fileRef = DADB48621C5FD025006D2E07 /* ContactsList.swift */; };
		DAE51E611C16473700641F65 /* Contact.swift in Sources */ = {isa = PBXBuildFile; fileRef = DAE51E601C16473700641F65 /* Contact.swift */; };
		DAF135BC1C1F8F6000B8E15E /* SettingsViewController.swift in Sources */ = {isa = PBXBuildFile; fileRef = DAF135BB1C1F8F6000B8E15E /* SettingsViewController.swift */; };
/* End PBXBuildFile section */

/* Begin PBXFileReference section */
		3E49209181A6F21AF106E505 /* Pods.debug.xcconfig */ = {isa = PBXFileReference; includeInIndex = 1; lastKnownFileType = text.xcconfig; name = Pods.debug.xcconfig; path = "Pods/Target Support Files/Pods/Pods.debug.xcconfig"; sourceTree = "<group>"; };
		4199CF55062E0B94CECF4212 /* Pods.framework */ = {isa = PBXFileReference; explicitFileType = wrapper.framework; includeInIndex = 0; path = Pods.framework; sourceTree = BUILT_PRODUCTS_DIR; };
		6DAABE2438ECEBA08E9F4922 /* Pods.release.xcconfig */ = {isa = PBXFileReference; includeInIndex = 1; lastKnownFileType = text.xcconfig; name = Pods.release.xcconfig; path = "Pods/Target Support Files/Pods/Pods.release.xcconfig"; sourceTree = "<group>"; };
		DA2326731C0CFB0600094165 /* MessageViewController.swift */ = {isa = PBXFileReference; fileEncoding = 4; lastKnownFileType = sourcecode.swift; path = MessageViewController.swift; sourceTree = "<group>"; };
		DA2326751C0CFD8100094165 /* PopupNoticeHelper.swift */ = {isa = PBXFileReference; fileEncoding = 4; lastKnownFileType = sourcecode.swift; path = PopupNoticeHelper.swift; sourceTree = "<group>"; };
		DA2326791C0D0E8D00094165 /* ContacsViewController.swift */ = {isa = PBXFileReference; fileEncoding = 4; lastKnownFileType = sourcecode.swift; path = ContacsViewController.swift; sourceTree = "<group>"; };
		DA23267B1C0E2EFA00094165 /* AddNewContactViewController.swift */ = {isa = PBXFileReference; fileEncoding = 4; lastKnownFileType = sourcecode.swift; path = AddNewContactViewController.swift; sourceTree = "<group>"; };
		DA23267D1C0ECB9200094165 /* NewContactTableViewCell.swift */ = {isa = PBXFileReference; fileEncoding = 4; lastKnownFileType = sourcecode.swift; path = NewContactTableViewCell.swift; sourceTree = "<group>"; };
		DA23267F1C1008A400094165 /* ContactsViewCell.swift */ = {isa = PBXFileReference; fileEncoding = 4; lastKnownFileType = sourcecode.swift; path = ContactsViewCell.swift; sourceTree = "<group>"; };
		DA2E0F1C1C0831A900C508E0 /* FirebaseHelper.swift */ = {isa = PBXFileReference; fileEncoding = 4; lastKnownFileType = sourcecode.swift; path = FirebaseHelper.swift; sourceTree = "<group>"; };
		DA2E0F1E1C09382900C508E0 /* LoginViewController.swift */ = {isa = PBXFileReference; fileEncoding = 4; lastKnownFileType = sourcecode.swift; path = LoginViewController.swift; sourceTree = "<group>"; };
		DA457ED11C46FB9800CDB606 /* TestViewController.swift */ = {isa = PBXFileReference; fileEncoding = 4; lastKnownFileType = sourcecode.swift; path = TestViewController.swift; sourceTree = "<group>"; };
		DA5C9C031C52FE7B0053BB63 /* SignUpViewController.swift */ = {isa = PBXFileReference; fileEncoding = 4; lastKnownFileType = sourcecode.swift; path = SignUpViewController.swift; sourceTree = "<group>"; };
		DA77CB321C4CBD060063CD71 /* ChatViewController.swift */ = {isa = PBXFileReference; fileEncoding = 4; lastKnownFileType = sourcecode.swift; path = ChatViewController.swift; sourceTree = "<group>"; };
		DA7AC64D1C0982D5001B9D39 /* SwiftNotice.swift */ = {isa = PBXFileReference; fileEncoding = 4; lastKnownFileType = sourcecode.swift; path = SwiftNotice.swift; sourceTree = "<group>"; };
		DA84C2261C1774080097F1F7 /* mapChat-Bridging-Header.h */ = {isa = PBXFileReference; lastKnownFileType = sourcecode.c.h; path = "mapChat-Bridging-Header.h"; sourceTree = "<group>"; };
		DA84C2271C1774090097F1F7 /* SWRevealViewController.h */ = {isa = PBXFileReference; fileEncoding = 4; lastKnownFileType = sourcecode.c.h; path = SWRevealViewController.h; sourceTree = "<group>"; };
		DA84C2281C1774090097F1F7 /* SWRevealViewController.m */ = {isa = PBXFileReference; fileEncoding = 4; lastKnownFileType = sourcecode.c.objc; path = SWRevealViewController.m; sourceTree = "<group>"; };
		DA84C22A1C1791830097F1F7 /* LeftSideContactsMenuController.swift */ = {isa = PBXFileReference; fileEncoding = 4; lastKnownFileType = sourcecode.swift; path = LeftSideContactsMenuController.swift; sourceTree = "<group>"; };
		DA84C22C1C1791C50097F1F7 /* LeftSideMenuContactsCell.swift */ = {isa = PBXFileReference; fileEncoding = 4; lastKnownFileType = sourcecode.swift; path = LeftSideMenuContactsCell.swift; sourceTree = "<group>"; };
		DA86D2F61C01A0BC001C088B /* MapKit.framework */ = {isa = PBXFileReference; lastKnownFileType = wrapper.framework; name = MapKit.framework; path = System/Library/Frameworks/MapKit.framework; sourceTree = SDKROOT; };
		DAA89DA81BFE8D3A005FB53E /* mapChat.app */ = {isa = PBXFileReference; explicitFileType = wrapper.application; includeInIndex = 0; path = mapChat.app; sourceTree = BUILT_PRODUCTS_DIR; };
		DAA89DAB1BFE8D3A005FB53E /* AppDelegate.swift */ = {isa = PBXFileReference; lastKnownFileType = sourcecode.swift; path = AppDelegate.swift; sourceTree = "<group>"; };
		DAA89DAD1BFE8D3A005FB53E /* CurrentLocationViewController.swift */ = {isa = PBXFileReference; lastKnownFileType = sourcecode.swift; path = CurrentLocationViewController.swift; sourceTree = "<group>"; };
		DAA89DAF1BFE8D3A005FB53E /* MapViewController.swift */ = {isa = PBXFileReference; lastKnownFileType = sourcecode.swift; path = MapViewController.swift; sourceTree = "<group>"; };
		DAA89DB21BFE8D3A005FB53E /* Base */ = {isa = PBXFileReference; lastKnownFileType = file.storyboard; name = Base; path = Base.lproj/Main.storyboard; sourceTree = "<group>"; };
		DAA89DB41BFE8D3A005FB53E /* Assets.xcassets */ = {isa = PBXFileReference; lastKnownFileType = folder.assetcatalog; path = Assets.xcassets; sourceTree = "<group>"; };
		DAA89DB71BFE8D3A005FB53E /* Base */ = {isa = PBXFileReference; lastKnownFileType = file.storyboard; name = Base; path = Base.lproj/LaunchScreen.storyboard; sourceTree = "<group>"; };
		DAA89DB91BFE8D3A005FB53E /* Info.plist */ = {isa = PBXFileReference; lastKnownFileType = text.plist.xml; path = Info.plist; sourceTree = "<group>"; };
		DAA8CF2C1C5AF80000ADDF9B /* ProfileViewController.swift */ = {isa = PBXFileReference; fileEncoding = 4; lastKnownFileType = sourcecode.swift; path = ProfileViewController.swift; sourceTree = "<group>"; };
		DAA8CF2E1C5BDBDB00ADDF9B /* ProfilePhotoViewController.swift */ = {isa = PBXFileReference; fileEncoding = 4; lastKnownFileType = sourcecode.swift; path = ProfilePhotoViewController.swift; sourceTree = "<group>"; };
		DAB117EE1C49ABF900D2FC38 /* ContactOnMap.swift */ = {isa = PBXFileReference; fileEncoding = 4; lastKnownFileType = sourcecode.swift; path = ContactOnMap.swift; sourceTree = "<group>"; };
		DAB117F01C49ACEB00D2FC38 /* NewMapController.swift */ = {isa = PBXFileReference; fileEncoding = 4; lastKnownFileType = sourcecode.swift; path = NewMapController.swift; sourceTree = "<group>"; };
		DADB48621C5FD025006D2E07 /* ContactsList.swift */ = {isa = PBXFileReference; fileEncoding = 4; lastKnownFileType = sourcecode.swift; path = ContactsList.swift; sourceTree = "<group>"; };
		DAE51E601C16473700641F65 /* Contact.swift */ = {isa = PBXFileReference; fileEncoding = 4; lastKnownFileType = sourcecode.swift; path = Contact.swift; sourceTree = "<group>"; };
		DAF135BB1C1F8F6000B8E15E /* SettingsViewController.swift */ = {isa = PBXFileReference; fileEncoding = 4; lastKnownFileType = sourcecode.swift; path = SettingsViewController.swift; sourceTree = "<group>"; };
/* End PBXFileReference section */

/* Begin PBXFrameworksBuildPhase section */
		DAA89DA51BFE8D3A005FB53E /* Frameworks */ = {
			isa = PBXFrameworksBuildPhase;
			buildActionMask = 2147483647;
			files = (
				DA86D2F71C01A0BC001C088B /* MapKit.framework in Frameworks */,
				CCB263774FB8AC5B1049469C /* Pods.framework in Frameworks */,
			);
			runOnlyForDeploymentPostprocessing = 0;
		};
/* End PBXFrameworksBuildPhase section */

/* Begin PBXGroup section */
		9D89452220D635645B04AE07 /* Pods */ = {
			isa = PBXGroup;
			children = (
				3E49209181A6F21AF106E505 /* Pods.debug.xcconfig */,
				6DAABE2438ECEBA08E9F4922 /* Pods.release.xcconfig */,
			);
			name = Pods;
			sourceTree = "<group>";
		};
		D79E320AB5FC05D1DF6EA76A /* Frameworks */ = {
			isa = PBXGroup;
			children = (
				4199CF55062E0B94CECF4212 /* Pods.framework */,
			);
			name = Frameworks;
			sourceTree = "<group>";
		};
		DA2326711C0CFA5F00094165 /* viewControllers */ = {
			isa = PBXGroup;
			children = (
				DA77CB341C4CBD110063CD71 /* chat */,
				DA5C9C021C52FE310053BB63 /* account */,
				DA71AB7E1C59F225006D2833 /* mapView */,
				DA71AB7F1C59F247006D2833 /* currentLocation */,
				DA71AB7C1C59EEC1006D2833 /* contacts */,
				DA71AB7D1C59F1FE006D2833 /* settings */,
				DAA8CF2B1C5AF7DA00ADDF9B /* profile */,
				DA71AB801C59F25B006D2833 /* others */,
			);
			name = viewControllers;
			sourceTree = "<group>";
		};
		DA2326721C0CFA7300094165 /* helpers */ = {
			isa = PBXGroup;
			children = (
				DA2E0F1C1C0831A900C508E0 /* FirebaseHelper.swift */,
				DA2326751C0CFD8100094165 /* PopupNoticeHelper.swift */,
			);
			name = helpers;
			sourceTree = "<group>";
		};
		DA5C9C021C52FE310053BB63 /* account */ = {
			isa = PBXGroup;
			children = (
				DA2E0F1E1C09382900C508E0 /* LoginViewController.swift */,
				DA5C9C031C52FE7B0053BB63 /* SignUpViewController.swift */,
			);
			name = account;
			sourceTree = "<group>";
		};
		DA71AB7C1C59EEC1006D2833 /* contacts */ = {
			isa = PBXGroup;
			children = (
				DA2326791C0D0E8D00094165 /* ContacsViewController.swift */,
				DA23267F1C1008A400094165 /* ContactsViewCell.swift */,
				DA23267B1C0E2EFA00094165 /* AddNewContactViewController.swift */,
				DA23267D1C0ECB9200094165 /* NewContactTableViewCell.swift */,
			);
			name = contacts;
			sourceTree = "<group>";
		};
		DA71AB7D1C59F1FE006D2833 /* settings */ = {
			isa = PBXGroup;
			children = (
				DAF135BB1C1F8F6000B8E15E /* SettingsViewController.swift */,
			);
			name = settings;
			sourceTree = "<group>";
		};
		DA71AB7E1C59F225006D2833 /* mapView */ = {
			isa = PBXGroup;
			children = (
				DA457ED11C46FB9800CDB606 /* TestViewController.swift */,
			);
			name = mapView;
			sourceTree = "<group>";
		};
		DA71AB7F1C59F247006D2833 /* currentLocation */ = {
			isa = PBXGroup;
			children = (
				DAA89DAD1BFE8D3A005FB53E /* CurrentLocationViewController.swift */,
			);
			name = currentLocation;
			sourceTree = "<group>";
		};
		DA71AB801C59F25B006D2833 /* others */ = {
			isa = PBXGroup;
			children = (
				DAB117F01C49ACEB00D2FC38 /* NewMapController.swift */,
				DAB117EE1C49ABF900D2FC38 /* ContactOnMap.swift */,
				DAA89DAF1BFE8D3A005FB53E /* MapViewController.swift */,
				DA2326731C0CFB0600094165 /* MessageViewController.swift */,
				DA84C22A1C1791830097F1F7 /* LeftSideContactsMenuController.swift */,
				DA84C22C1C1791C50097F1F7 /* LeftSideMenuContactsCell.swift */,
			);
			name = others;
			sourceTree = "<group>";
		};
		DA77CB341C4CBD110063CD71 /* chat */ = {
			isa = PBXGroup;
			children = (
				DA77CB321C4CBD060063CD71 /* ChatViewController.swift */,
			);
			name = chat;
			sourceTree = "<group>";
		};
		DA84C2251C1773E70097F1F7 /* SWRevealViewController */ = {
			isa = PBXGroup;
			children = (
				DA84C2271C1774090097F1F7 /* SWRevealViewController.h */,
				DA84C2281C1774090097F1F7 /* SWRevealViewController.m */,
				DA84C2261C1774080097F1F7 /* mapChat-Bridging-Header.h */,
			);
			name = SWRevealViewController;
			sourceTree = "<group>";
		};
		DAA89D9F1BFE8D3A005FB53E = {
			isa = PBXGroup;
			children = (
				DA86D2F61C01A0BC001C088B /* MapKit.framework */,
				DAA89DAA1BFE8D3A005FB53E /* mapChat */,
				DAA89DA91BFE8D3A005FB53E /* Products */,
				9D89452220D635645B04AE07 /* Pods */,
				D79E320AB5FC05D1DF6EA76A /* Frameworks */,
			);
			sourceTree = "<group>";
		};
		DAA89DA91BFE8D3A005FB53E /* Products */ = {
			isa = PBXGroup;
			children = (
				DAA89DA81BFE8D3A005FB53E /* mapChat.app */,
			);
			name = Products;
			sourceTree = "<group>";
		};
		DAA89DAA1BFE8D3A005FB53E /* mapChat */ = {
			isa = PBXGroup;
			children = (
				DA2326711C0CFA5F00094165 /* viewControllers */,
				DAAB80651C0444A4003065F7 /* lib */,
				DAA89DAB1BFE8D3A005FB53E /* AppDelegate.swift */,
				DA2326721C0CFA7300094165 /* helpers */,
				DAA89DB11BFE8D3A005FB53E /* Main.storyboard */,
				DAA89DB41BFE8D3A005FB53E /* Assets.xcassets */,
				DAA89DB61BFE8D3A005FB53E /* LaunchScreen.storyboard */,
				DAA89DB91BFE8D3A005FB53E /* Info.plist */,
				DADB48621C5FD025006D2E07 /* ContactsList.swift */,
				DAE51E601C16473700641F65 /* Contact.swift */,
			);
			path = mapChat;
			sourceTree = "<group>";
		};
		DAA8CF2B1C5AF7DA00ADDF9B /* profile */ = {
			isa = PBXGroup;
			children = (
				DAA8CF2C1C5AF80000ADDF9B /* ProfileViewController.swift */,
				DAA8CF2E1C5BDBDB00ADDF9B /* ProfilePhotoViewController.swift */,
			);
			name = profile;
			sourceTree = "<group>";
		};
		DAAB80651C0444A4003065F7 /* lib */ = {
			isa = PBXGroup;
			children = (
				DA84C2251C1773E70097F1F7 /* SWRevealViewController */,
				DA7AC64D1C0982D5001B9D39 /* SwiftNotice.swift */,
			);
			name = lib;
			sourceTree = "<group>";
		};
/* End PBXGroup section */

/* Begin PBXNativeTarget section */
		DAA89DA71BFE8D3A005FB53E /* mapChat */ = {
			isa = PBXNativeTarget;
			buildConfigurationList = DAA89DBC1BFE8D3A005FB53E /* Build configuration list for PBXNativeTarget "mapChat" */;
			buildPhases = (
				84CEBA840936E6477A28AB74 /* Check Pods Manifest.lock */,
				DAA89DA41BFE8D3A005FB53E /* Sources */,
				DAA89DA51BFE8D3A005FB53E /* Frameworks */,
				DAA89DA61BFE8D3A005FB53E /* Resources */,
				3517557E1078B41908C70D33 /* Embed Pods Frameworks */,
				3F71393E03AF889D3440F39E /* Copy Pods Resources */,
			);
			buildRules = (
			);
			dependencies = (
			);
			name = mapChat;
			productName = mapChat;
			productReference = DAA89DA81BFE8D3A005FB53E /* mapChat.app */;
			productType = "com.apple.product-type.application";
		};
/* End PBXNativeTarget section */

/* Begin PBXProject section */
		DAA89DA01BFE8D3A005FB53E /* Project object */ = {
			isa = PBXProject;
			attributes = {
				LastSwiftUpdateCheck = 0710;
				LastUpgradeCheck = 0710;
				ORGANIZATIONNAME = yxia;
				TargetAttributes = {
					DAA89DA71BFE8D3A005FB53E = {
						CreatedOnToolsVersion = 7.1.1;
					};
				};
			};
			buildConfigurationList = DAA89DA31BFE8D3A005FB53E /* Build configuration list for PBXProject "mapChat" */;
			compatibilityVersion = "Xcode 3.2";
			developmentRegion = English;
			hasScannedForEncodings = 0;
			knownRegions = (
				en,
				Base,
			);
			mainGroup = DAA89D9F1BFE8D3A005FB53E;
			productRefGroup = DAA89DA91BFE8D3A005FB53E /* Products */;
			projectDirPath = "";
			projectRoot = "";
			targets = (
				DAA89DA71BFE8D3A005FB53E /* mapChat */,
			);
		};
/* End PBXProject section */

/* Begin PBXResourcesBuildPhase section */
		DAA89DA61BFE8D3A005FB53E /* Resources */ = {
			isa = PBXResourcesBuildPhase;
			buildActionMask = 2147483647;
			files = (
				DAA89DB81BFE8D3A005FB53E /* LaunchScreen.storyboard in Resources */,
				DAA89DB51BFE8D3A005FB53E /* Assets.xcassets in Resources */,
				DAA89DB31BFE8D3A005FB53E /* Main.storyboard in Resources */,
			);
			runOnlyForDeploymentPostprocessing = 0;
		};
/* End PBXResourcesBuildPhase section */

/* Begin PBXShellScriptBuildPhase section */
		3517557E1078B41908C70D33 /* Embed Pods Frameworks */ = {
			isa = PBXShellScriptBuildPhase;
			buildActionMask = 2147483647;
			files = (
			);
			inputPaths = (
			);
			name = "Embed Pods Frameworks";
			outputPaths = (
			);
			runOnlyForDeploymentPostprocessing = 0;
			shellPath = /bin/sh;
			shellScript = "\"${SRCROOT}/Pods/Target Support Files/Pods/Pods-frameworks.sh\"\n";
			showEnvVarsInLog = 0;
		};
		3F71393E03AF889D3440F39E /* Copy Pods Resources */ = {
			isa = PBXShellScriptBuildPhase;
			buildActionMask = 2147483647;
			files = (
			);
			inputPaths = (
			);
			name = "Copy Pods Resources";
			outputPaths = (
			);
			runOnlyForDeploymentPostprocessing = 0;
			shellPath = /bin/sh;
			shellScript = "\"${SRCROOT}/Pods/Target Support Files/Pods/Pods-resources.sh\"\n";
			showEnvVarsInLog = 0;
		};
		84CEBA840936E6477A28AB74 /* Check Pods Manifest.lock */ = {
			isa = PBXShellScriptBuildPhase;
			buildActionMask = 2147483647;
			files = (
			);
			inputPaths = (
			);
			name = "Check Pods Manifest.lock";
			outputPaths = (
			);
			runOnlyForDeploymentPostprocessing = 0;
			shellPath = /bin/sh;
			shellScript = "diff \"${PODS_ROOT}/../Podfile.lock\" \"${PODS_ROOT}/Manifest.lock\" > /dev/null\nif [[ $? != 0 ]] ; then\n    cat << EOM\nerror: The sandbox is not in sync with the Podfile.lock. Run 'pod install' or update your CocoaPods installation.\nEOM\n    exit 1\nfi\n";
			showEnvVarsInLog = 0;
		};
/* End PBXShellScriptBuildPhase section */

/* Begin PBXSourcesBuildPhase section */
		DAA89DA41BFE8D3A005FB53E /* Sources */ = {
			isa = PBXSourcesBuildPhase;
			buildActionMask = 2147483647;
			files = (
				DA5C9C041C52FE7B0053BB63 /* SignUpViewController.swift in Sources */,
				DA2326741C0CFB0600094165 /* MessageViewController.swift in Sources */,
				DAE51E611C16473700641F65 /* Contact.swift in Sources */,
				DA2326761C0CFD8100094165 /* PopupNoticeHelper.swift in Sources */,
				DAB117EF1C49ABF900D2FC38 /* ContactOnMap.swift in Sources */,
				DADB48631C5FD025006D2E07 /* ContactsList.swift in Sources */,
				DA23267E1C0ECB9200094165 /* NewContactTableViewCell.swift in Sources */,
				DA84C2291C1774090097F1F7 /* SWRevealViewController.m in Sources */,
				DA84C22B1C1791830097F1F7 /* LeftSideContactsMenuController.swift in Sources */,
				DAA89DB01BFE8D3A005FB53E /* MapViewController.swift in Sources */,
				DA84C22D1C1791C50097F1F7 /* LeftSideMenuContactsCell.swift in Sources */,
				DA7AC64E1C0982D5001B9D39 /* SwiftNotice.swift in Sources */,
				DA77CB331C4CBD060063CD71 /* ChatViewController.swift in Sources */,
				DAA89DAC1BFE8D3A005FB53E /* AppDelegate.swift in Sources */,
				DA23267A1C0D0E8D00094165 /* ContacsViewController.swift in Sources */,
				DA2E0F1D1C0831A900C508E0 /* FirebaseHelper.swift in Sources */,
				DAA8CF2D1C5AF80000ADDF9B /* ProfileViewController.swift in Sources */,
				DAF135BC1C1F8F6000B8E15E /* SettingsViewController.swift in Sources */,
				DAA89DAE1BFE8D3A005FB53E /* CurrentLocationViewController.swift in Sources */,
				DAA8CF2F1C5BDBDC00ADDF9B /* ProfilePhotoViewController.swift in Sources */,
				DA23267C1C0E2EFA00094165 /* AddNewContactViewController.swift in Sources */,
				DA2E0F1F1C09382900C508E0 /* LoginViewController.swift in Sources */,
				DAB117F11C49ACEB00D2FC38 /* NewMapController.swift in Sources */,
				DA457ED21C46FB9800CDB606 /* TestViewController.swift in Sources */,
				DA2326801C1008A400094165 /* ContactsViewCell.swift in Sources */,
			);
			runOnlyForDeploymentPostprocessing = 0;
		};
/* End PBXSourcesBuildPhase section */

/* Begin PBXVariantGroup section */
		DAA89DB11BFE8D3A005FB53E /* Main.storyboard */ = {
			isa = PBXVariantGroup;
			children = (
				DAA89DB21BFE8D3A005FB53E /* Base */,
			);
			name = Main.storyboard;
			sourceTree = "<group>";
		};
		DAA89DB61BFE8D3A005FB53E /* LaunchScreen.storyboard */ = {
			isa = PBXVariantGroup;
			children = (
				DAA89DB71BFE8D3A005FB53E /* Base */,
			);
			name = LaunchScreen.storyboard;
			sourceTree = "<group>";
		};
/* End PBXVariantGroup section */

/* Begin XCBuildConfiguration section */
		DAA89DBA1BFE8D3A005FB53E /* Debug */ = {
			isa = XCBuildConfiguration;
			buildSettings = {
				ALWAYS_SEARCH_USER_PATHS = NO;
				CLANG_CXX_LANGUAGE_STANDARD = "gnu++0x";
				CLANG_CXX_LIBRARY = "libc++";
				CLANG_ENABLE_MODULES = YES;
				CLANG_ENABLE_OBJC_ARC = YES;
				CLANG_WARN_BOOL_CONVERSION = YES;
				CLANG_WARN_CONSTANT_CONVERSION = YES;
				CLANG_WARN_DIRECT_OBJC_ISA_USAGE = YES_ERROR;
				CLANG_WARN_EMPTY_BODY = YES;
				CLANG_WARN_ENUM_CONVERSION = YES;
				CLANG_WARN_INT_CONVERSION = YES;
				CLANG_WARN_OBJC_ROOT_CLASS = YES_ERROR;
				CLANG_WARN_UNREACHABLE_CODE = YES;
				CLANG_WARN__DUPLICATE_METHOD_MATCH = YES;
				"CODE_SIGN_IDENTITY[sdk=iphoneos*]" = "iPhone Developer";
				COPY_PHASE_STRIP = NO;
				DEBUG_INFORMATION_FORMAT = dwarf;
				ENABLE_STRICT_OBJC_MSGSEND = YES;
				ENABLE_TESTABILITY = YES;
				GCC_C_LANGUAGE_STANDARD = gnu99;
				GCC_DYNAMIC_NO_PIC = NO;
				GCC_NO_COMMON_BLOCKS = YES;
				GCC_OPTIMIZATION_LEVEL = 0;
				GCC_PREPROCESSOR_DEFINITIONS = (
					"DEBUG=1",
					"$(inherited)",
				);
				GCC_WARN_64_TO_32_BIT_CONVERSION = YES;
				GCC_WARN_ABOUT_RETURN_TYPE = YES_ERROR;
				GCC_WARN_UNDECLARED_SELECTOR = YES;
				GCC_WARN_UNINITIALIZED_AUTOS = YES_AGGRESSIVE;
				GCC_WARN_UNUSED_FUNCTION = YES;
				GCC_WARN_UNUSED_VARIABLE = YES;
				IPHONEOS_DEPLOYMENT_TARGET = 9.1;
				MTL_ENABLE_DEBUG_INFO = YES;
				ONLY_ACTIVE_ARCH = YES;
				SDKROOT = iphoneos;
				SWIFT_OPTIMIZATION_LEVEL = "-Onone";
			};
			name = Debug;
		};
		DAA89DBB1BFE8D3A005FB53E /* Release */ = {
			isa = XCBuildConfiguration;
			buildSettings = {
				ALWAYS_SEARCH_USER_PATHS = NO;
				CLANG_CXX_LANGUAGE_STANDARD = "gnu++0x";
				CLANG_CXX_LIBRARY = "libc++";
				CLANG_ENABLE_MODULES = YES;
				CLANG_ENABLE_OBJC_ARC = YES;
				CLANG_WARN_BOOL_CONVERSION = YES;
				CLANG_WARN_CONSTANT_CONVERSION = YES;
				CLANG_WARN_DIRECT_OBJC_ISA_USAGE = YES_ERROR;
				CLANG_WARN_EMPTY_BODY = YES;
				CLANG_WARN_ENUM_CONVERSION = YES;
				CLANG_WARN_INT_CONVERSION = YES;
				CLANG_WARN_OBJC_ROOT_CLASS = YES_ERROR;
				CLANG_WARN_UNREACHABLE_CODE = YES;
				CLANG_WARN__DUPLICATE_METHOD_MATCH = YES;
				"CODE_SIGN_IDENTITY[sdk=iphoneos*]" = "iPhone Developer";
				COPY_PHASE_STRIP = NO;
				DEBUG_INFORMATION_FORMAT = "dwarf-with-dsym";
				ENABLE_NS_ASSERTIONS = NO;
				ENABLE_STRICT_OBJC_MSGSEND = YES;
				GCC_C_LANGUAGE_STANDARD = gnu99;
				GCC_NO_COMMON_BLOCKS = YES;
				GCC_WARN_64_TO_32_BIT_CONVERSION = YES;
				GCC_WARN_ABOUT_RETURN_TYPE = YES_ERROR;
				GCC_WARN_UNDECLARED_SELECTOR = YES;
				GCC_WARN_UNINITIALIZED_AUTOS = YES_AGGRESSIVE;
				GCC_WARN_UNUSED_FUNCTION = YES;
				GCC_WARN_UNUSED_VARIABLE = YES;
				IPHONEOS_DEPLOYMENT_TARGET = 9.1;
				MTL_ENABLE_DEBUG_INFO = NO;
				SDKROOT = iphoneos;
				VALIDATE_PRODUCT = YES;
			};
			name = Release;
		};
		DAA89DBD1BFE8D3A005FB53E /* Debug */ = {
			isa = XCBuildConfiguration;
			baseConfigurationReference = 3E49209181A6F21AF106E505 /* Pods.debug.xcconfig */;
			buildSettings = {
				ASSETCATALOG_COMPILER_APPICON_NAME = AppIcon;
				CLANG_ENABLE_MODULES = YES;
				INFOPLIST_FILE = mapChat/Info.plist;
				IPHONEOS_DEPLOYMENT_TARGET = 9.2;
				LD_RUNPATH_SEARCH_PATHS = "$(inherited) @executable_path/Frameworks";
				PRODUCT_BUNDLE_IDENTIFIER = com.yanxia.mapchat.mapChat;
				PRODUCT_NAME = "$(TARGET_NAME)";
				SWIFT_OBJC_BRIDGING_HEADER = "mapChat/mapChat-Bridging-Header.h";
				SWIFT_OPTIMIZATION_LEVEL = "-Onone";
			};
			name = Debug;
		};
		DAA89DBE1BFE8D3A005FB53E /* Release */ = {
			isa = XCBuildConfiguration;
			baseConfigurationReference = 6DAABE2438ECEBA08E9F4922 /* Pods.release.xcconfig */;
			buildSettings = {
				ASSETCATALOG_COMPILER_APPICON_NAME = AppIcon;
				CLANG_ENABLE_MODULES = YES;
				DEBUG_INFORMATION_FORMAT = dwarf;
				INFOPLIST_FILE = mapChat/Info.plist;
				IPHONEOS_DEPLOYMENT_TARGET = 9.2;
				LD_RUNPATH_SEARCH_PATHS = "$(inherited) @executable_path/Frameworks";
				PRODUCT_BUNDLE_IDENTIFIER = com.yanxia.mapchat.mapChat;
				PRODUCT_NAME = "$(TARGET_NAME)";
				SWIFT_OBJC_BRIDGING_HEADER = "mapChat/mapChat-Bridging-Header.h";
			};
			name = Release;
		};
/* End XCBuildConfiguration section */

/* Begin XCConfigurationList section */
		DAA89DA31BFE8D3A005FB53E /* Build configuration list for PBXProject "mapChat" */ = {
			isa = XCConfigurationList;
			buildConfigurations = (
				DAA89DBA1BFE8D3A005FB53E /* Debug */,
				DAA89DBB1BFE8D3A005FB53E /* Release */,
			);
			defaultConfigurationIsVisible = 0;
			defaultConfigurationName = Release;
		};
		DAA89DBC1BFE8D3A005FB53E /* Build configuration list for PBXNativeTarget "mapChat" */ = {
			isa = XCConfigurationList;
			buildConfigurations = (
				DAA89DBD1BFE8D3A005FB53E /* Debug */,
				DAA89DBE1BFE8D3A005FB53E /* Release */,
			);
			defaultConfigurationIsVisible = 0;
			defaultConfigurationName = Release;
		};
/* End XCConfigurationList section */
	};
	rootObject = DAA89DA01BFE8D3A005FB53E /* Project object */;
}
